
Microsoft Visual Studio Solution File, Format Version 12.00
# Visual Studio 2012
Project("{FAE04EC0-301F-11D3-BF4B-00C04F79EFBC}") = "PokemonLibrary", "..\PokemonLibrary\PokemonLibrary\PokemonLibrary.csproj", "{7B936970-EA70-437F-B6E6-60543D4E1B20}"
EndProject
Project("{FAE04EC0-301F-11D3-BF4B-00C04F79EFBC}") = "Example03", "..\Lecture07-Examples\Example03\Example03.csproj", "{BAB84E58-118B-4011-8A18-FF2606670381}"
EndProject
Global
	GlobalSection(SolutionConfigurationPlatforms) = preSolution
		Debug|Any CPU = Debug|Any CPU
		Release|Any CPU = Release|Any CPU
	EndGlobalSection
	GlobalSection(ProjectConfigurationPlatforms) = postSolution
		{7B936970-EA70-437F-B6E6-60543D4E1B20}.Debug|Any CPU.ActiveCfg = Debug|Any CPU
		{7B936970-EA70-437F-B6E6-60543D4E1B20}.Debug|Any CPU.Build.0 = Debug|Any CPU
		{7B936970-EA70-437F-B6E6-60543D4E1B20}.Release|Any CPU.ActiveCfg = Release|Any CPU
		{7B936970-EA70-437F-B6E6-60543D4E1B20}.Release|Any CPU.Build.0 = Release|Any CPU
		{BAB84E58-118B-4011-8A18-FF2606670381}.Debug|Any CPU.ActiveCfg = Debug|Any CPU
		{BAB84E58-118B-4011-8A18-FF2606670381}.Debug|Any CPU.Build.0 = Debug|Any CPU
		{BAB84E58-118B-4011-8A18-FF2606670381}.Release|Any CPU.ActiveCfg = Release|Any CPU
		{BAB84E58-118B-4011-8A18-FF2606670381}.Release|Any CPU.Build.0 = Release|Any CPU
	EndGlobalSection
	GlobalSection(SolutionProperties) = preSolution
		HideSolutionNode = FALSE
	EndGlobalSection
EndGlobal
