
Microsoft Visual Studio Solution File, Format Version 12.00
# Visual Studio 2012
Project("{FAE04EC0-301F-11D3-BF4B-00C04F79EFBC}") = "Homework_01", "Homework_01\Homework_01.csproj", "{A53C2FFE-C1B4-4B9E-935E-0D8E1F9C8EFE}"
EndProject
Global
	GlobalSection(SolutionConfigurationPlatforms) = preSolution
		Debug|Any CPU = Debug|Any CPU
		Release|Any CPU = Release|Any CPU
	EndGlobalSection
	GlobalSection(ProjectConfigurationPlatforms) = postSolution
		{A53C2FFE-C1B4-4B9E-935E-0D8E1F9C8EFE}.Debug|Any CPU.ActiveCfg = Debug|Any CPU
		{A53C2FFE-C1B4-4B9E-935E-0D8E1F9C8EFE}.Debug|Any CPU.Build.0 = Debug|Any CPU
		{A53C2FFE-C1B4-4B9E-935E-0D8E1F9C8EFE}.Release|Any CPU.ActiveCfg = Release|Any CPU
		{A53C2FFE-C1B4-4B9E-935E-0D8E1F9C8EFE}.Release|Any CPU.Build.0 = Release|Any CPU
	EndGlobalSection
	GlobalSection(SolutionProperties) = preSolution
		HideSolutionNode = FALSE
	EndGlobalSection
EndGlobal
