
Microsoft Visual Studio Solution File, Format Version 12.00
# Visual Studio 2012
Project("{FAE04EC0-301F-11D3-BF4B-00C04F79EFBC}") = "WeatherStationLibrary", "..\WeatherStationLibrary\WeatherStationLibrary\WeatherStationLibrary.csproj", "{77522427-74C6-4BC7-AECD-FA971695F607}"
EndProject
Project("{FAE04EC0-301F-11D3-BF4B-00C04F79EFBC}") = "Example01", "Example01\Example01.csproj", "{7C0B0BFC-B65E-4AA3-88E3-F4178C582E13}"
EndProject
Project("{FAE04EC0-301F-11D3-BF4B-00C04F79EFBC}") = "EasyMathLibrary", "..\ClassLibrary1\ClassLibrary1\EasyMathLibrary.csproj", "{597D5334-69E7-463D-92F2-1A1D89CA1E9B}"
EndProject
Global
	GlobalSection(SolutionConfigurationPlatforms) = preSolution
		Debug|Any CPU = Debug|Any CPU
		Release|Any CPU = Release|Any CPU
	EndGlobalSection
	GlobalSection(ProjectConfigurationPlatforms) = postSolution
		{77522427-74C6-4BC7-AECD-FA971695F607}.Debug|Any CPU.ActiveCfg = Debug|Any CPU
		{77522427-74C6-4BC7-AECD-FA971695F607}.Debug|Any CPU.Build.0 = Debug|Any CPU
		{77522427-74C6-4BC7-AECD-FA971695F607}.Release|Any CPU.ActiveCfg = Release|Any CPU
		{77522427-74C6-4BC7-AECD-FA971695F607}.Release|Any CPU.Build.0 = Release|Any CPU
		{7C0B0BFC-B65E-4AA3-88E3-F4178C582E13}.Debug|Any CPU.ActiveCfg = Debug|Any CPU
		{7C0B0BFC-B65E-4AA3-88E3-F4178C582E13}.Debug|Any CPU.Build.0 = Debug|Any CPU
		{7C0B0BFC-B65E-4AA3-88E3-F4178C582E13}.Release|Any CPU.ActiveCfg = Release|Any CPU
		{7C0B0BFC-B65E-4AA3-88E3-F4178C582E13}.Release|Any CPU.Build.0 = Release|Any CPU
		{597D5334-69E7-463D-92F2-1A1D89CA1E9B}.Debug|Any CPU.ActiveCfg = Debug|Any CPU
		{597D5334-69E7-463D-92F2-1A1D89CA1E9B}.Debug|Any CPU.Build.0 = Debug|Any CPU
		{597D5334-69E7-463D-92F2-1A1D89CA1E9B}.Release|Any CPU.ActiveCfg = Release|Any CPU
		{597D5334-69E7-463D-92F2-1A1D89CA1E9B}.Release|Any CPU.Build.0 = Release|Any CPU
	EndGlobalSection
	GlobalSection(SolutionProperties) = preSolution
		HideSolutionNode = FALSE
	EndGlobalSection
EndGlobal
